
Microsoft Visual Studio Solution File, Format Version 12.00
# Visual Studio 15
VisualStudioVersion = 15.0.28307.168
MinimumVisualStudioVersion = 10.0.40219.1
Project("{FAE04EC0-301F-11D3-BF4B-00C04F79EFBC}") = "Pushover", "Pushover\Pushover.csproj", "{1D3EB737-513D-4ABF-BCFB-DC9727233627}"
EndProject
Global
	GlobalSection(SolutionConfigurationPlatforms) = preSolution
		Debug|Any CPU = Debug|Any CPU
		Release|Any CPU = Release|Any CPU
	EndGlobalSection
	GlobalSection(ProjectConfigurationPlatforms) = postSolution
		{1D3EB737-513D-4ABF-BCFB-DC9727233627}.Debug|Any CPU.ActiveCfg = Debug|Any CPU
		{1D3EB737-513D-4ABF-BCFB-DC9727233627}.Debug|Any CPU.Build.0 = Debug|Any CPU
		{1D3EB737-513D-4ABF-BCFB-DC9727233627}.Release|Any CPU.ActiveCfg = Release|Any CPU
		{1D3EB737-513D-4ABF-BCFB-DC9727233627}.Release|Any CPU.Build.0 = Release|Any CPU
	EndGlobalSection
	GlobalSection(SolutionProperties) = preSolution
		HideSolutionNode = FALSE
	EndGlobalSection
	GlobalSection(ExtensibilityGlobals) = postSolution
		SolutionGuid = {BA2C4DA0-1EE4-4CF5-A277-E96E4462B315}
	EndGlobalSection
EndGlobal
